
Microsoft Visual Studio Solution File, Format Version 12.00
# Visual Studio Version 16
VisualStudioVersion = 16.0.31019.35
MinimumVisualStudioVersion = 10.0.40219.1
Project("{FAE04EC0-301F-11D3-BF4B-00C04F79EFBC}") = "MailerMVVM", "MailerMVVM\MailerMVVM.csproj", "{768E5AE8-1FF5-4DF7-8B26-825ABBAA8295}"
EndProject
Project("{FAE04EC0-301F-11D3-BF4B-00C04F79EFBC}") = "MVVMAccess", "MVVMAccess\MVVMAccess.csproj", "{52FD8521-9E56-413E-95B4-70124B344330}"
EndProject
Project("{FAE04EC0-301F-11D3-BF4B-00C04F79EFBC}") = "CaesarsСipher", "CaesarsСipher\CaesarsСipher.csproj", "{8F6E8905-4034-4EDB-950C-C84385EA1AA2}"
EndProject
Project("{FAE04EC0-301F-11D3-BF4B-00C04F79EFBC}") = "CaesarsCipherApp", "CaesarsCipherApp\CaesarsCipherApp.csproj", "{42A52A67-4C8A-4D73-8F4F-A4AB17F3B315}"
EndProject
Project("{FAE04EC0-301F-11D3-BF4B-00C04F79EFBC}") = "CaesarsСipherUnitTest", "CaesarsСipherUnitTest\CaesarsСipherUnitTest.csproj", "{8FE08E8F-DB47-4DEA-8BDA-40333CBB81D7}"
EndProject
Global
	GlobalSection(SolutionConfigurationPlatforms) = preSolution
		Debug|Any CPU = Debug|Any CPU
		Release|Any CPU = Release|Any CPU
	EndGlobalSection
	GlobalSection(ProjectConfigurationPlatforms) = postSolution
		{768E5AE8-1FF5-4DF7-8B26-825ABBAA8295}.Debug|Any CPU.ActiveCfg = Debug|Any CPU
		{768E5AE8-1FF5-4DF7-8B26-825ABBAA8295}.Debug|Any CPU.Build.0 = Debug|Any CPU
		{768E5AE8-1FF5-4DF7-8B26-825ABBAA8295}.Release|Any CPU.ActiveCfg = Release|Any CPU
		{768E5AE8-1FF5-4DF7-8B26-825ABBAA8295}.Release|Any CPU.Build.0 = Release|Any CPU
		{52FD8521-9E56-413E-95B4-70124B344330}.Debug|Any CPU.ActiveCfg = Debug|Any CPU
		{52FD8521-9E56-413E-95B4-70124B344330}.Debug|Any CPU.Build.0 = Debug|Any CPU
		{52FD8521-9E56-413E-95B4-70124B344330}.Release|Any CPU.ActiveCfg = Release|Any CPU
		{52FD8521-9E56-413E-95B4-70124B344330}.Release|Any CPU.Build.0 = Release|Any CPU
		{8F6E8905-4034-4EDB-950C-C84385EA1AA2}.Debug|Any CPU.ActiveCfg = Debug|Any CPU
		{8F6E8905-4034-4EDB-950C-C84385EA1AA2}.Debug|Any CPU.Build.0 = Debug|Any CPU
		{8F6E8905-4034-4EDB-950C-C84385EA1AA2}.Release|Any CPU.ActiveCfg = Release|Any CPU
		{8F6E8905-4034-4EDB-950C-C84385EA1AA2}.Release|Any CPU.Build.0 = Release|Any CPU
		{42A52A67-4C8A-4D73-8F4F-A4AB17F3B315}.Debug|Any CPU.ActiveCfg = Debug|Any CPU
		{42A52A67-4C8A-4D73-8F4F-A4AB17F3B315}.Debug|Any CPU.Build.0 = Debug|Any CPU
		{42A52A67-4C8A-4D73-8F4F-A4AB17F3B315}.Release|Any CPU.ActiveCfg = Release|Any CPU
		{42A52A67-4C8A-4D73-8F4F-A4AB17F3B315}.Release|Any CPU.Build.0 = Release|Any CPU
		{8FE08E8F-DB47-4DEA-8BDA-40333CBB81D7}.Debug|Any CPU.ActiveCfg = Debug|Any CPU
		{8FE08E8F-DB47-4DEA-8BDA-40333CBB81D7}.Debug|Any CPU.Build.0 = Debug|Any CPU
		{8FE08E8F-DB47-4DEA-8BDA-40333CBB81D7}.Release|Any CPU.ActiveCfg = Release|Any CPU
		{8FE08E8F-DB47-4DEA-8BDA-40333CBB81D7}.Release|Any CPU.Build.0 = Release|Any CPU
	EndGlobalSection
	GlobalSection(SolutionProperties) = preSolution
		HideSolutionNode = FALSE
	EndGlobalSection
	GlobalSection(ExtensibilityGlobals) = postSolution
		SolutionGuid = {875D595B-0326-4874-97BE-9C1259479B8D}
	EndGlobalSection
EndGlobal
